
Microsoft Visual Studio Solution File, Format Version 11.00
# Visual Studio 2010
Project("{FAE04EC0-301F-11D3-BF4B-00C04F79EFBC}") = "SpaceArena2100", "SpaceArena2100\SpaceArena2100\SpaceArena2100.csproj", "{0D13E40B-A9A6-46E0-88C9-5DB3AE8E3CBE}"
EndProject
Project("{FAE04EC0-301F-11D3-BF4B-00C04F79EFBC}") = "SpaceArena2100Content", "SpaceArena2100\SpaceArena2100Content\SpaceArena2100Content.contentproj", "{3B9F59D8-FBFC-4B44-A7CD-F8959FE25FEF}"
EndProject
Project("{F2A71F9B-5D33-465A-A702-920D77279786}") = "MainGame", "MainGame\MainGame.fsproj", "{3BC4F808-6B48-407B-9453-ED16390BEE73}"
EndProject
Project("{F2A71F9B-5D33-465A-A702-920D77279786}") = "Core", "..\xnautils\Core\Core.fsproj", "{CBFF8E99-B91A-4ADC-A0AD-502616413116}"
EndProject
Project("{F2A71F9B-5D33-465A-A702-920D77279786}") = "CoopMultiTasking", "..\xnautils\CoopMultiTasking\CoopMultiTasking.fsproj", "{7BDE5138-FF45-40C3-AD86-7C614B7AD779}"
EndProject
Project("{F2A71F9B-5D33-465A-A702-920D77279786}") = "XNAUtils", "..\xnautils\XNAUtils\XNAUtils.fsproj", "{EBFAB7EB-FF0B-4DE3-842B-BAB06DCD3D42}"
EndProject
Project("{2150E333-8FDC-42A3-9474-1A3956D46DE8}") = "docs", "docs", "{47255CCE-10F5-4CAB-A88E-5978D2AADAEB}"
EndProject
Project("{FAE04EC0-301F-11D3-BF4B-00C04F79EFBC}") = "Windows Copy of InstancedModel", "InstancedModel\Windows Copy of InstancedModel.csproj", "{0A3EA714-E7FB-4AC2-BF5D-85E4FF7835F9}"
EndProject
Project("{FAE04EC0-301F-11D3-BF4B-00C04F79EFBC}") = "InstancedModelPipeline", "InstancedModelPipeline\InstancedModelPipeline.csproj", "{FF69FD90-8834-4F60-ADA5-36387F112437}"
EndProject
Project("{2150E333-8FDC-42A3-9474-1A3956D46DE8}") = "Windows projects", "Windows projects", "{046A3E66-7DEE-4257-BF5C-E18727FD5D3F}"
EndProject
Project("{2150E333-8FDC-42A3-9474-1A3956D46DE8}") = "Solution Items", "Solution Items", "{A7D4000F-9AE5-4982-8167-D1F8732AB3FF}"
	ProjectSection(SolutionItems) = preProject
		..\xnautils\WinPc\ConvertFsProj.fsx = ..\xnautils\WinPc\ConvertFsProj.fsx
	EndProjectSection
EndProject
Global
	GlobalSection(SolutionConfigurationPlatforms) = preSolution
		Debug|x86 = Debug|x86
		Release|x86 = Release|x86
	EndGlobalSection
	GlobalSection(ProjectConfigurationPlatforms) = postSolution
		{0D13E40B-A9A6-46E0-88C9-5DB3AE8E3CBE}.Debug|x86.ActiveCfg = Debug|x86
		{0D13E40B-A9A6-46E0-88C9-5DB3AE8E3CBE}.Debug|x86.Build.0 = Debug|x86
		{0D13E40B-A9A6-46E0-88C9-5DB3AE8E3CBE}.Release|x86.ActiveCfg = Release|x86
		{0D13E40B-A9A6-46E0-88C9-5DB3AE8E3CBE}.Release|x86.Build.0 = Release|x86
		{3B9F59D8-FBFC-4B44-A7CD-F8959FE25FEF}.Debug|x86.ActiveCfg = Debug|Xbox 360
		{3B9F59D8-FBFC-4B44-A7CD-F8959FE25FEF}.Release|x86.ActiveCfg = Release|Xbox 360
		{3BC4F808-6B48-407B-9453-ED16390BEE73}.Debug|x86.ActiveCfg = Debug|x86
		{3BC4F808-6B48-407B-9453-ED16390BEE73}.Debug|x86.Build.0 = Debug|x86
		{3BC4F808-6B48-407B-9453-ED16390BEE73}.Release|x86.ActiveCfg = Release|x86
		{3BC4F808-6B48-407B-9453-ED16390BEE73}.Release|x86.Build.0 = Release|x86
		{CBFF8E99-B91A-4ADC-A0AD-502616413116}.Debug|x86.ActiveCfg = Debug|x86
		{CBFF8E99-B91A-4ADC-A0AD-502616413116}.Debug|x86.Build.0 = Debug|x86
		{CBFF8E99-B91A-4ADC-A0AD-502616413116}.Release|x86.ActiveCfg = Release|x86
		{CBFF8E99-B91A-4ADC-A0AD-502616413116}.Release|x86.Build.0 = Release|x86
		{7BDE5138-FF45-40C3-AD86-7C614B7AD779}.Debug|x86.ActiveCfg = Debug|x86
		{7BDE5138-FF45-40C3-AD86-7C614B7AD779}.Debug|x86.Build.0 = Debug|x86
		{7BDE5138-FF45-40C3-AD86-7C614B7AD779}.Release|x86.ActiveCfg = Release|x86
		{7BDE5138-FF45-40C3-AD86-7C614B7AD779}.Release|x86.Build.0 = Release|x86
		{EBFAB7EB-FF0B-4DE3-842B-BAB06DCD3D42}.Debug|x86.ActiveCfg = Debug|x86
		{EBFAB7EB-FF0B-4DE3-842B-BAB06DCD3D42}.Debug|x86.Build.0 = Debug|x86
		{EBFAB7EB-FF0B-4DE3-842B-BAB06DCD3D42}.Release|x86.ActiveCfg = Release|x86
		{EBFAB7EB-FF0B-4DE3-842B-BAB06DCD3D42}.Release|x86.Build.0 = Release|x86
		{0A3EA714-E7FB-4AC2-BF5D-85E4FF7835F9}.Debug|x86.ActiveCfg = Debug|x86
		{0A3EA714-E7FB-4AC2-BF5D-85E4FF7835F9}.Debug|x86.Build.0 = Debug|x86
		{0A3EA714-E7FB-4AC2-BF5D-85E4FF7835F9}.Release|x86.ActiveCfg = Release|x86
		{0A3EA714-E7FB-4AC2-BF5D-85E4FF7835F9}.Release|x86.Build.0 = Release|x86
		{FF69FD90-8834-4F60-ADA5-36387F112437}.Debug|x86.ActiveCfg = Debug|x86
		{FF69FD90-8834-4F60-ADA5-36387F112437}.Debug|x86.Build.0 = Debug|x86
		{FF69FD90-8834-4F60-ADA5-36387F112437}.Release|x86.ActiveCfg = Debug|x86
		{FF69FD90-8834-4F60-ADA5-36387F112437}.Release|x86.Build.0 = Debug|x86
	EndGlobalSection
	GlobalSection(SolutionProperties) = preSolution
		HideSolutionNode = FALSE
	EndGlobalSection
	GlobalSection(NestedProjects) = preSolution
		{3BC4F808-6B48-407B-9453-ED16390BEE73} = {046A3E66-7DEE-4257-BF5C-E18727FD5D3F}
		{CBFF8E99-B91A-4ADC-A0AD-502616413116} = {046A3E66-7DEE-4257-BF5C-E18727FD5D3F}
		{7BDE5138-FF45-40C3-AD86-7C614B7AD779} = {046A3E66-7DEE-4257-BF5C-E18727FD5D3F}
		{EBFAB7EB-FF0B-4DE3-842B-BAB06DCD3D42} = {046A3E66-7DEE-4257-BF5C-E18727FD5D3F}
		{0A3EA714-E7FB-4AC2-BF5D-85E4FF7835F9} = {046A3E66-7DEE-4257-BF5C-E18727FD5D3F}
		{0D13E40B-A9A6-46E0-88C9-5DB3AE8E3CBE} = {046A3E66-7DEE-4257-BF5C-E18727FD5D3F}
	EndGlobalSection
EndGlobal
